
Microsoft Visual Studio Solution File, Format Version 12.00
# Visual Studio Version 16
VisualStudioVersion = 25.0.1704.2
MinimumVisualStudioVersion = 10.0.40219.1
Project("{FAE04EC0-301F-11D3-BF4B-00C04F79EFBC}") = "minimum", "minimum\minimum.csproj", "{7B24AC70-A540-48E0-9622-F23CD3ABB7BA}"
EndProject
Global
	GlobalSection(SolutionConfigurationPlatforms) = preSolution
		Debug|Any CPU = Debug|Any CPU
		Release|Any CPU = Release|Any CPU
	EndGlobalSection
	GlobalSection(ProjectConfigurationPlatforms) = postSolution
		{7B24AC70-A540-48E0-9622-F23CD3ABB7BA}.Debug|Any CPU.ActiveCfg = Debug|Any CPU
		{7B24AC70-A540-48E0-9622-F23CD3ABB7BA}.Debug|Any CPU.Build.0 = Debug|Any CPU
		{7B24AC70-A540-48E0-9622-F23CD3ABB7BA}.Release|Any CPU.ActiveCfg = Release|Any CPU
		{7B24AC70-A540-48E0-9622-F23CD3ABB7BA}.Release|Any CPU.Build.0 = Release|Any CPU
	EndGlobalSection
	GlobalSection(SolutionProperties) = preSolution
		HideSolutionNode = FALSE
	EndGlobalSection
	GlobalSection(ExtensibilityGlobals) = postSolution
		SolutionGuid = {43572673-AC93-413C-B3DB-126101946683}
	EndGlobalSection
EndGlobal
