
Microsoft Visual Studio Solution File, Format Version 12.00
# Visual Studio Version 16
VisualStudioVersion = 25.0.1704.2
MinimumVisualStudioVersion = 10.0.40219.1
Project("{FAE04EC0-301F-11D3-BF4B-00C04F79EFBC}") = "number of elements", "number of elements\number of elements.csproj", "{C8A6196B-C19F-439E-B022-16534660DF88}"
EndProject
Global
	GlobalSection(SolutionConfigurationPlatforms) = preSolution
		Debug|Any CPU = Debug|Any CPU
		Release|Any CPU = Release|Any CPU
	EndGlobalSection
	GlobalSection(ProjectConfigurationPlatforms) = postSolution
		{C8A6196B-C19F-439E-B022-16534660DF88}.Debug|Any CPU.ActiveCfg = Debug|Any CPU
		{C8A6196B-C19F-439E-B022-16534660DF88}.Debug|Any CPU.Build.0 = Debug|Any CPU
		{C8A6196B-C19F-439E-B022-16534660DF88}.Release|Any CPU.ActiveCfg = Release|Any CPU
		{C8A6196B-C19F-439E-B022-16534660DF88}.Release|Any CPU.Build.0 = Release|Any CPU
	EndGlobalSection
	GlobalSection(SolutionProperties) = preSolution
		HideSolutionNode = FALSE
	EndGlobalSection
	GlobalSection(ExtensibilityGlobals) = postSolution
		SolutionGuid = {8A5579D2-4536-44DF-9250-527BA50D1DDF}
	EndGlobalSection
EndGlobal
