
Microsoft Visual Studio Solution File, Format Version 12.00
# Visual Studio Version 16
VisualStudioVersion = 25.0.1704.2
MinimumVisualStudioVersion = 10.0.40219.1
Project("{FAE04EC0-301F-11D3-BF4B-00C04F79EFBC}") = "power of 2", "power of 2\power of 2.csproj", "{EBDEA6C6-60D9-4EA8-A4B5-91820AB52282}"
EndProject
Global
	GlobalSection(SolutionConfigurationPlatforms) = preSolution
		Debug|Any CPU = Debug|Any CPU
		Release|Any CPU = Release|Any CPU
	EndGlobalSection
	GlobalSection(ProjectConfigurationPlatforms) = postSolution
		{EBDEA6C6-60D9-4EA8-A4B5-91820AB52282}.Debug|Any CPU.ActiveCfg = Debug|Any CPU
		{EBDEA6C6-60D9-4EA8-A4B5-91820AB52282}.Debug|Any CPU.Build.0 = Debug|Any CPU
		{EBDEA6C6-60D9-4EA8-A4B5-91820AB52282}.Release|Any CPU.ActiveCfg = Release|Any CPU
		{EBDEA6C6-60D9-4EA8-A4B5-91820AB52282}.Release|Any CPU.Build.0 = Release|Any CPU
	EndGlobalSection
	GlobalSection(SolutionProperties) = preSolution
		HideSolutionNode = FALSE
	EndGlobalSection
	GlobalSection(ExtensibilityGlobals) = postSolution
		SolutionGuid = {71AAFDCA-B307-44CA-BD98-48F959FE1962}
	EndGlobalSection
EndGlobal
